
Microsoft Visual Studio Solution File, Format Version 12.00
# Visual Studio 14
VisualStudioVersion = 14.0.25420.1
MinimumVisualStudioVersion = 10.0.40219.1
Project("{FAE04EC0-301F-11D3-BF4B-00C04F79EFBC}") = "Notes.WebApi", "Notes.WebApi\Notes.WebApi.csproj", "{D86A0CF2-A6B9-4C58-B325-8CD8947B293F}"
EndProject
Project("{FAE04EC0-301F-11D3-BF4B-00C04F79EFBC}") = "Notes.Mobile.Droid", "Notes.Mobile\Notes.Mobile.Droid\Notes.Mobile.Droid.csproj", "{1A05A19F-6489-4C98-B636-4764D9312E4C}"
EndProject
Project("{FAE04EC0-301F-11D3-BF4B-00C04F79EFBC}") = "Notes.Mobile", "Notes.Mobile\Notes.Mobile\Notes.Mobile.csproj", "{9499FAEB-6C5D-464A-9B40-970F2FCECF03}"
EndProject
Project("{FAE04EC0-301F-11D3-BF4B-00C04F79EFBC}") = "Notes.Core", "Notes.Core\Notes.Core.csproj", "{911705F7-390D-49E9-864A-4B56EE921464}"
EndProject
Project("{FAE04EC0-301F-11D3-BF4B-00C04F79EFBC}") = "Notes.Contract", "Notes.Contract\Notes.Contract.csproj", "{16302ED9-F186-4AC4-AD60-5F2487266745}"
EndProject
Project("{2150E333-8FDC-42A3-9474-1A3956D46DE8}") = "Tests", "Tests", "{D62C2EBD-5049-4051-850B-94D7B64FF61B}"
EndProject
Project("{FAE04EC0-301F-11D3-BF4B-00C04F79EFBC}") = "Notes.WebApi.Tests", "Notes.WebApi.Tests\Notes.WebApi.Tests.csproj", "{EC737BB4-8791-477E-B42A-C29CDC6619CF}"
EndProject
Global
	GlobalSection(SolutionConfigurationPlatforms) = preSolution
		Ad-Hoc|Any CPU = Ad-Hoc|Any CPU
		Ad-Hoc|ARM = Ad-Hoc|ARM
		Ad-Hoc|iPhone = Ad-Hoc|iPhone
		Ad-Hoc|iPhoneSimulator = Ad-Hoc|iPhoneSimulator
		Ad-Hoc|x64 = Ad-Hoc|x64
		Ad-Hoc|x86 = Ad-Hoc|x86
		AppStore|Any CPU = AppStore|Any CPU
		AppStore|ARM = AppStore|ARM
		AppStore|iPhone = AppStore|iPhone
		AppStore|iPhoneSimulator = AppStore|iPhoneSimulator
		AppStore|x64 = AppStore|x64
		AppStore|x86 = AppStore|x86
		Debug|Any CPU = Debug|Any CPU
		Debug|ARM = Debug|ARM
		Debug|iPhone = Debug|iPhone
		Debug|iPhoneSimulator = Debug|iPhoneSimulator
		Debug|x64 = Debug|x64
		Debug|x86 = Debug|x86
		Hardware|Any CPU = Hardware|Any CPU
		Hardware|ARM = Hardware|ARM
		Hardware|iPhone = Hardware|iPhone
		Hardware|iPhoneSimulator = Hardware|iPhoneSimulator
		Hardware|x64 = Hardware|x64
		Hardware|x86 = Hardware|x86
		Release|Any CPU = Release|Any CPU
		Release|ARM = Release|ARM
		Release|iPhone = Release|iPhone
		Release|iPhoneSimulator = Release|iPhoneSimulator
		Release|x64 = Release|x64
		Release|x86 = Release|x86
	EndGlobalSection
	GlobalSection(ProjectConfigurationPlatforms) = postSolution
		{D86A0CF2-A6B9-4C58-B325-8CD8947B293F}.Ad-Hoc|Any CPU.ActiveCfg = Release|Any CPU
		{D86A0CF2-A6B9-4C58-B325-8CD8947B293F}.Ad-Hoc|Any CPU.Build.0 = Release|Any CPU
		{D86A0CF2-A6B9-4C58-B325-8CD8947B293F}.Ad-Hoc|ARM.ActiveCfg = Release|Any CPU
		{D86A0CF2-A6B9-4C58-B325-8CD8947B293F}.Ad-Hoc|ARM.Build.0 = Release|Any CPU
		{D86A0CF2-A6B9-4C58-B325-8CD8947B293F}.Ad-Hoc|iPhone.ActiveCfg = Release|Any CPU
		{D86A0CF2-A6B9-4C58-B325-8CD8947B293F}.Ad-Hoc|iPhone.Build.0 = Release|Any CPU
		{D86A0CF2-A6B9-4C58-B325-8CD8947B293F}.Ad-Hoc|iPhoneSimulator.ActiveCfg = Release|Any CPU
		{D86A0CF2-A6B9-4C58-B325-8CD8947B293F}.Ad-Hoc|iPhoneSimulator.Build.0 = Release|Any CPU
		{D86A0CF2-A6B9-4C58-B325-8CD8947B293F}.Ad-Hoc|x64.ActiveCfg = Release|Any CPU
		{D86A0CF2-A6B9-4C58-B325-8CD8947B293F}.Ad-Hoc|x64.Build.0 = Release|Any CPU
		{D86A0CF2-A6B9-4C58-B325-8CD8947B293F}.Ad-Hoc|x86.ActiveCfg = Release|Any CPU
		{D86A0CF2-A6B9-4C58-B325-8CD8947B293F}.Ad-Hoc|x86.Build.0 = Release|Any CPU
		{D86A0CF2-A6B9-4C58-B325-8CD8947B293F}.AppStore|Any CPU.ActiveCfg = Release|Any CPU
		{D86A0CF2-A6B9-4C58-B325-8CD8947B293F}.AppStore|Any CPU.Build.0 = Release|Any CPU
		{D86A0CF2-A6B9-4C58-B325-8CD8947B293F}.AppStore|ARM.ActiveCfg = Release|Any CPU
		{D86A0CF2-A6B9-4C58-B325-8CD8947B293F}.AppStore|ARM.Build.0 = Release|Any CPU
		{D86A0CF2-A6B9-4C58-B325-8CD8947B293F}.AppStore|iPhone.ActiveCfg = Release|Any CPU
		{D86A0CF2-A6B9-4C58-B325-8CD8947B293F}.AppStore|iPhone.Build.0 = Release|Any CPU
		{D86A0CF2-A6B9-4C58-B325-8CD8947B293F}.AppStore|iPhoneSimulator.ActiveCfg = Release|Any CPU
		{D86A0CF2-A6B9-4C58-B325-8CD8947B293F}.AppStore|iPhoneSimulator.Build.0 = Release|Any CPU
		{D86A0CF2-A6B9-4C58-B325-8CD8947B293F}.AppStore|x64.ActiveCfg = Release|Any CPU
		{D86A0CF2-A6B9-4C58-B325-8CD8947B293F}.AppStore|x64.Build.0 = Release|Any CPU
		{D86A0CF2-A6B9-4C58-B325-8CD8947B293F}.AppStore|x86.ActiveCfg = Release|Any CPU
		{D86A0CF2-A6B9-4C58-B325-8CD8947B293F}.AppStore|x86.Build.0 = Release|Any CPU
		{D86A0CF2-A6B9-4C58-B325-8CD8947B293F}.Debug|Any CPU.ActiveCfg = Debug|Any CPU
		{D86A0CF2-A6B9-4C58-B325-8CD8947B293F}.Debug|Any CPU.Build.0 = Debug|Any CPU
		{D86A0CF2-A6B9-4C58-B325-8CD8947B293F}.Debug|ARM.ActiveCfg = Debug|Any CPU
		{D86A0CF2-A6B9-4C58-B325-8CD8947B293F}.Debug|ARM.Build.0 = Debug|Any CPU
		{D86A0CF2-A6B9-4C58-B325-8CD8947B293F}.Debug|iPhone.ActiveCfg = Debug|Any CPU
		{D86A0CF2-A6B9-4C58-B325-8CD8947B293F}.Debug|iPhone.Build.0 = Debug|Any CPU
		{D86A0CF2-A6B9-4C58-B325-8CD8947B293F}.Debug|iPhoneSimulator.ActiveCfg = Debug|Any CPU
		{D86A0CF2-A6B9-4C58-B325-8CD8947B293F}.Debug|iPhoneSimulator.Build.0 = Debug|Any CPU
		{D86A0CF2-A6B9-4C58-B325-8CD8947B293F}.Debug|x64.ActiveCfg = Debug|Any CPU
		{D86A0CF2-A6B9-4C58-B325-8CD8947B293F}.Debug|x64.Build.0 = Debug|Any CPU
		{D86A0CF2-A6B9-4C58-B325-8CD8947B293F}.Debug|x86.ActiveCfg = Debug|Any CPU
		{D86A0CF2-A6B9-4C58-B325-8CD8947B293F}.Debug|x86.Build.0 = Debug|Any CPU
		{D86A0CF2-A6B9-4C58-B325-8CD8947B293F}.Hardware|Any CPU.ActiveCfg = Debug|Any CPU
		{D86A0CF2-A6B9-4C58-B325-8CD8947B293F}.Hardware|Any CPU.Build.0 = Debug|Any CPU
		{D86A0CF2-A6B9-4C58-B325-8CD8947B293F}.Hardware|ARM.ActiveCfg = Debug|Any CPU
		{D86A0CF2-A6B9-4C58-B325-8CD8947B293F}.Hardware|ARM.Build.0 = Debug|Any CPU
		{D86A0CF2-A6B9-4C58-B325-8CD8947B293F}.Hardware|iPhone.ActiveCfg = Debug|Any CPU
		{D86A0CF2-A6B9-4C58-B325-8CD8947B293F}.Hardware|iPhone.Build.0 = Debug|Any CPU
		{D86A0CF2-A6B9-4C58-B325-8CD8947B293F}.Hardware|iPhoneSimulator.ActiveCfg = Debug|Any CPU
		{D86A0CF2-A6B9-4C58-B325-8CD8947B293F}.Hardware|iPhoneSimulator.Build.0 = Debug|Any CPU
		{D86A0CF2-A6B9-4C58-B325-8CD8947B293F}.Hardware|x64.ActiveCfg = Debug|Any CPU
		{D86A0CF2-A6B9-4C58-B325-8CD8947B293F}.Hardware|x64.Build.0 = Debug|Any CPU
		{D86A0CF2-A6B9-4C58-B325-8CD8947B293F}.Hardware|x86.ActiveCfg = Debug|Any CPU
		{D86A0CF2-A6B9-4C58-B325-8CD8947B293F}.Hardware|x86.Build.0 = Debug|Any CPU
		{D86A0CF2-A6B9-4C58-B325-8CD8947B293F}.Release|Any CPU.ActiveCfg = Release|Any CPU
		{D86A0CF2-A6B9-4C58-B325-8CD8947B293F}.Release|Any CPU.Build.0 = Release|Any CPU
		{D86A0CF2-A6B9-4C58-B325-8CD8947B293F}.Release|ARM.ActiveCfg = Release|Any CPU
		{D86A0CF2-A6B9-4C58-B325-8CD8947B293F}.Release|ARM.Build.0 = Release|Any CPU
		{D86A0CF2-A6B9-4C58-B325-8CD8947B293F}.Release|iPhone.ActiveCfg = Release|Any CPU
		{D86A0CF2-A6B9-4C58-B325-8CD8947B293F}.Release|iPhone.Build.0 = Release|Any CPU
		{D86A0CF2-A6B9-4C58-B325-8CD8947B293F}.Release|iPhoneSimulator.ActiveCfg = Release|Any CPU
		{D86A0CF2-A6B9-4C58-B325-8CD8947B293F}.Release|iPhoneSimulator.Build.0 = Release|Any CPU
		{D86A0CF2-A6B9-4C58-B325-8CD8947B293F}.Release|x64.ActiveCfg = Release|Any CPU
		{D86A0CF2-A6B9-4C58-B325-8CD8947B293F}.Release|x64.Build.0 = Release|Any CPU
		{D86A0CF2-A6B9-4C58-B325-8CD8947B293F}.Release|x86.ActiveCfg = Release|Any CPU
		{D86A0CF2-A6B9-4C58-B325-8CD8947B293F}.Release|x86.Build.0 = Release|Any CPU
		{1A05A19F-6489-4C98-B636-4764D9312E4C}.Ad-Hoc|Any CPU.ActiveCfg = Release|Any CPU
		{1A05A19F-6489-4C98-B636-4764D9312E4C}.Ad-Hoc|Any CPU.Build.0 = Release|Any CPU
		{1A05A19F-6489-4C98-B636-4764D9312E4C}.Ad-Hoc|Any CPU.Deploy.0 = Release|Any CPU
		{1A05A19F-6489-4C98-B636-4764D9312E4C}.Ad-Hoc|ARM.ActiveCfg = Release|Any CPU
		{1A05A19F-6489-4C98-B636-4764D9312E4C}.Ad-Hoc|ARM.Build.0 = Release|Any CPU
		{1A05A19F-6489-4C98-B636-4764D9312E4C}.Ad-Hoc|ARM.Deploy.0 = Release|Any CPU
		{1A05A19F-6489-4C98-B636-4764D9312E4C}.Ad-Hoc|iPhone.ActiveCfg = Release|Any CPU
		{1A05A19F-6489-4C98-B636-4764D9312E4C}.Ad-Hoc|iPhone.Build.0 = Release|Any CPU
		{1A05A19F-6489-4C98-B636-4764D9312E4C}.Ad-Hoc|iPhone.Deploy.0 = Release|Any CPU
		{1A05A19F-6489-4C98-B636-4764D9312E4C}.Ad-Hoc|iPhoneSimulator.ActiveCfg = Release|Any CPU
		{1A05A19F-6489-4C98-B636-4764D9312E4C}.Ad-Hoc|iPhoneSimulator.Build.0 = Release|Any CPU
		{1A05A19F-6489-4C98-B636-4764D9312E4C}.Ad-Hoc|iPhoneSimulator.Deploy.0 = Release|Any CPU
		{1A05A19F-6489-4C98-B636-4764D9312E4C}.Ad-Hoc|x64.ActiveCfg = Release|Any CPU
		{1A05A19F-6489-4C98-B636-4764D9312E4C}.Ad-Hoc|x64.Build.0 = Release|Any CPU
		{1A05A19F-6489-4C98-B636-4764D9312E4C}.Ad-Hoc|x64.Deploy.0 = Release|Any CPU
		{1A05A19F-6489-4C98-B636-4764D9312E4C}.Ad-Hoc|x86.ActiveCfg = Release|Any CPU
		{1A05A19F-6489-4C98-B636-4764D9312E4C}.Ad-Hoc|x86.Build.0 = Release|Any CPU
		{1A05A19F-6489-4C98-B636-4764D9312E4C}.Ad-Hoc|x86.Deploy.0 = Release|Any CPU
		{1A05A19F-6489-4C98-B636-4764D9312E4C}.AppStore|Any CPU.ActiveCfg = Release|Any CPU
		{1A05A19F-6489-4C98-B636-4764D9312E4C}.AppStore|Any CPU.Build.0 = Release|Any CPU
		{1A05A19F-6489-4C98-B636-4764D9312E4C}.AppStore|Any CPU.Deploy.0 = Release|Any CPU
		{1A05A19F-6489-4C98-B636-4764D9312E4C}.AppStore|ARM.ActiveCfg = Release|Any CPU
		{1A05A19F-6489-4C98-B636-4764D9312E4C}.AppStore|ARM.Build.0 = Release|Any CPU
		{1A05A19F-6489-4C98-B636-4764D9312E4C}.AppStore|ARM.Deploy.0 = Release|Any CPU
		{1A05A19F-6489-4C98-B636-4764D9312E4C}.AppStore|iPhone.ActiveCfg = Release|Any CPU
		{1A05A19F-6489-4C98-B636-4764D9312E4C}.AppStore|iPhone.Build.0 = Release|Any CPU
		{1A05A19F-6489-4C98-B636-4764D9312E4C}.AppStore|iPhone.Deploy.0 = Release|Any CPU
		{1A05A19F-6489-4C98-B636-4764D9312E4C}.AppStore|iPhoneSimulator.ActiveCfg = Release|Any CPU
		{1A05A19F-6489-4C98-B636-4764D9312E4C}.AppStore|iPhoneSimulator.Build.0 = Release|Any CPU
		{1A05A19F-6489-4C98-B636-4764D9312E4C}.AppStore|iPhoneSimulator.Deploy.0 = Release|Any CPU
		{1A05A19F-6489-4C98-B636-4764D9312E4C}.AppStore|x64.ActiveCfg = Release|Any CPU
		{1A05A19F-6489-4C98-B636-4764D9312E4C}.AppStore|x64.Build.0 = Release|Any CPU
		{1A05A19F-6489-4C98-B636-4764D9312E4C}.AppStore|x64.Deploy.0 = Release|Any CPU
		{1A05A19F-6489-4C98-B636-4764D9312E4C}.AppStore|x86.ActiveCfg = Release|Any CPU
		{1A05A19F-6489-4C98-B636-4764D9312E4C}.AppStore|x86.Build.0 = Release|Any CPU
		{1A05A19F-6489-4C98-B636-4764D9312E4C}.AppStore|x86.Deploy.0 = Release|Any CPU
		{1A05A19F-6489-4C98-B636-4764D9312E4C}.Debug|Any CPU.ActiveCfg = Debug|Any CPU
		{1A05A19F-6489-4C98-B636-4764D9312E4C}.Debug|Any CPU.Build.0 = Debug|Any CPU
		{1A05A19F-6489-4C98-B636-4764D9312E4C}.Debug|Any CPU.Deploy.0 = Debug|Any CPU
		{1A05A19F-6489-4C98-B636-4764D9312E4C}.Debug|ARM.ActiveCfg = Debug|Any CPU
		{1A05A19F-6489-4C98-B636-4764D9312E4C}.Debug|ARM.Build.0 = Debug|Any CPU
		{1A05A19F-6489-4C98-B636-4764D9312E4C}.Debug|ARM.Deploy.0 = Debug|Any CPU
		{1A05A19F-6489-4C98-B636-4764D9312E4C}.Debug|iPhone.ActiveCfg = Debug|Any CPU
		{1A05A19F-6489-4C98-B636-4764D9312E4C}.Debug|iPhone.Build.0 = Debug|Any CPU
		{1A05A19F-6489-4C98-B636-4764D9312E4C}.Debug|iPhone.Deploy.0 = Debug|Any CPU
		{1A05A19F-6489-4C98-B636-4764D9312E4C}.Debug|iPhoneSimulator.ActiveCfg = Debug|Any CPU
		{1A05A19F-6489-4C98-B636-4764D9312E4C}.Debug|iPhoneSimulator.Build.0 = Debug|Any CPU
		{1A05A19F-6489-4C98-B636-4764D9312E4C}.Debug|iPhoneSimulator.Deploy.0 = Debug|Any CPU
		{1A05A19F-6489-4C98-B636-4764D9312E4C}.Debug|x64.ActiveCfg = Debug|Any CPU
		{1A05A19F-6489-4C98-B636-4764D9312E4C}.Debug|x64.Build.0 = Debug|Any CPU
		{1A05A19F-6489-4C98-B636-4764D9312E4C}.Debug|x64.Deploy.0 = Debug|Any CPU
		{1A05A19F-6489-4C98-B636-4764D9312E4C}.Debug|x86.ActiveCfg = Debug|Any CPU
		{1A05A19F-6489-4C98-B636-4764D9312E4C}.Debug|x86.Build.0 = Debug|Any CPU
		{1A05A19F-6489-4C98-B636-4764D9312E4C}.Debug|x86.Deploy.0 = Debug|Any CPU
		{1A05A19F-6489-4C98-B636-4764D9312E4C}.Hardware|Any CPU.ActiveCfg = Release|Any CPU
		{1A05A19F-6489-4C98-B636-4764D9312E4C}.Hardware|Any CPU.Build.0 = Release|Any CPU
		{1A05A19F-6489-4C98-B636-4764D9312E4C}.Hardware|Any CPU.Deploy.0 = Release|Any CPU
		{1A05A19F-6489-4C98-B636-4764D9312E4C}.Hardware|ARM.ActiveCfg = Debug|Any CPU
		{1A05A19F-6489-4C98-B636-4764D9312E4C}.Hardware|ARM.Build.0 = Debug|Any CPU
		{1A05A19F-6489-4C98-B636-4764D9312E4C}.Hardware|ARM.Deploy.0 = Debug|Any CPU
		{1A05A19F-6489-4C98-B636-4764D9312E4C}.Hardware|iPhone.ActiveCfg = Debug|Any CPU
		{1A05A19F-6489-4C98-B636-4764D9312E4C}.Hardware|iPhone.Build.0 = Debug|Any CPU
		{1A05A19F-6489-4C98-B636-4764D9312E4C}.Hardware|iPhone.Deploy.0 = Debug|Any CPU
		{1A05A19F-6489-4C98-B636-4764D9312E4C}.Hardware|iPhoneSimulator.ActiveCfg = Debug|Any CPU
		{1A05A19F-6489-4C98-B636-4764D9312E4C}.Hardware|iPhoneSimulator.Build.0 = Debug|Any CPU
		{1A05A19F-6489-4C98-B636-4764D9312E4C}.Hardware|iPhoneSimulator.Deploy.0 = Debug|Any CPU
		{1A05A19F-6489-4C98-B636-4764D9312E4C}.Hardware|x64.ActiveCfg = Debug|Any CPU
		{1A05A19F-6489-4C98-B636-4764D9312E4C}.Hardware|x64.Build.0 = Debug|Any CPU
		{1A05A19F-6489-4C98-B636-4764D9312E4C}.Hardware|x64.Deploy.0 = Debug|Any CPU
		{1A05A19F-6489-4C98-B636-4764D9312E4C}.Hardware|x86.ActiveCfg = Debug|Any CPU
		{1A05A19F-6489-4C98-B636-4764D9312E4C}.Hardware|x86.Build.0 = Debug|Any CPU
		{1A05A19F-6489-4C98-B636-4764D9312E4C}.Hardware|x86.Deploy.0 = Debug|Any CPU
		{1A05A19F-6489-4C98-B636-4764D9312E4C}.Release|Any CPU.ActiveCfg = Release|Any CPU
		{1A05A19F-6489-4C98-B636-4764D9312E4C}.Release|Any CPU.Build.0 = Release|Any CPU
		{1A05A19F-6489-4C98-B636-4764D9312E4C}.Release|Any CPU.Deploy.0 = Release|Any CPU
		{1A05A19F-6489-4C98-B636-4764D9312E4C}.Release|ARM.ActiveCfg = Release|Any CPU
		{1A05A19F-6489-4C98-B636-4764D9312E4C}.Release|ARM.Build.0 = Release|Any CPU
		{1A05A19F-6489-4C98-B636-4764D9312E4C}.Release|ARM.Deploy.0 = Release|Any CPU
		{1A05A19F-6489-4C98-B636-4764D9312E4C}.Release|iPhone.ActiveCfg = Release|Any CPU
		{1A05A19F-6489-4C98-B636-4764D9312E4C}.Release|iPhone.Build.0 = Release|Any CPU
		{1A05A19F-6489-4C98-B636-4764D9312E4C}.Release|iPhone.Deploy.0 = Release|Any CPU
		{1A05A19F-6489-4C98-B636-4764D9312E4C}.Release|iPhoneSimulator.ActiveCfg = Release|Any CPU
		{1A05A19F-6489-4C98-B636-4764D9312E4C}.Release|iPhoneSimulator.Build.0 = Release|Any CPU
		{1A05A19F-6489-4C98-B636-4764D9312E4C}.Release|iPhoneSimulator.Deploy.0 = Release|Any CPU
		{1A05A19F-6489-4C98-B636-4764D9312E4C}.Release|x64.ActiveCfg = Release|Any CPU
		{1A05A19F-6489-4C98-B636-4764D9312E4C}.Release|x64.Build.0 = Release|Any CPU
		{1A05A19F-6489-4C98-B636-4764D9312E4C}.Release|x64.Deploy.0 = Release|Any CPU
		{1A05A19F-6489-4C98-B636-4764D9312E4C}.Release|x86.ActiveCfg = Release|Any CPU
		{1A05A19F-6489-4C98-B636-4764D9312E4C}.Release|x86.Build.0 = Release|Any CPU
		{1A05A19F-6489-4C98-B636-4764D9312E4C}.Release|x86.Deploy.0 = Release|Any CPU
		{9499FAEB-6C5D-464A-9B40-970F2FCECF03}.Ad-Hoc|Any CPU.ActiveCfg = Release|Any CPU
		{9499FAEB-6C5D-464A-9B40-970F2FCECF03}.Ad-Hoc|Any CPU.Build.0 = Release|Any CPU
		{9499FAEB-6C5D-464A-9B40-970F2FCECF03}.Ad-Hoc|ARM.ActiveCfg = Release|Any CPU
		{9499FAEB-6C5D-464A-9B40-970F2FCECF03}.Ad-Hoc|ARM.Build.0 = Release|Any CPU
		{9499FAEB-6C5D-464A-9B40-970F2FCECF03}.Ad-Hoc|iPhone.ActiveCfg = Release|Any CPU
		{9499FAEB-6C5D-464A-9B40-970F2FCECF03}.Ad-Hoc|iPhone.Build.0 = Release|Any CPU
		{9499FAEB-6C5D-464A-9B40-970F2FCECF03}.Ad-Hoc|iPhoneSimulator.ActiveCfg = Release|Any CPU
		{9499FAEB-6C5D-464A-9B40-970F2FCECF03}.Ad-Hoc|iPhoneSimulator.Build.0 = Release|Any CPU
		{9499FAEB-6C5D-464A-9B40-970F2FCECF03}.Ad-Hoc|x64.ActiveCfg = Release|Any CPU
		{9499FAEB-6C5D-464A-9B40-970F2FCECF03}.Ad-Hoc|x64.Build.0 = Release|Any CPU
		{9499FAEB-6C5D-464A-9B40-970F2FCECF03}.Ad-Hoc|x86.ActiveCfg = Release|Any CPU
		{9499FAEB-6C5D-464A-9B40-970F2FCECF03}.Ad-Hoc|x86.Build.0 = Release|Any CPU
		{9499FAEB-6C5D-464A-9B40-970F2FCECF03}.AppStore|Any CPU.ActiveCfg = Release|Any CPU
		{9499FAEB-6C5D-464A-9B40-970F2FCECF03}.AppStore|Any CPU.Build.0 = Release|Any CPU
		{9499FAEB-6C5D-464A-9B40-970F2FCECF03}.AppStore|ARM.ActiveCfg = Release|Any CPU
		{9499FAEB-6C5D-464A-9B40-970F2FCECF03}.AppStore|ARM.Build.0 = Release|Any CPU
		{9499FAEB-6C5D-464A-9B40-970F2FCECF03}.AppStore|iPhone.ActiveCfg = Release|Any CPU
		{9499FAEB-6C5D-464A-9B40-970F2FCECF03}.AppStore|iPhone.Build.0 = Release|Any CPU
		{9499FAEB-6C5D-464A-9B40-970F2FCECF03}.AppStore|iPhoneSimulator.ActiveCfg = Release|Any CPU
		{9499FAEB-6C5D-464A-9B40-970F2FCECF03}.AppStore|iPhoneSimulator.Build.0 = Release|Any CPU
		{9499FAEB-6C5D-464A-9B40-970F2FCECF03}.AppStore|x64.ActiveCfg = Release|Any CPU
		{9499FAEB-6C5D-464A-9B40-970F2FCECF03}.AppStore|x64.Build.0 = Release|Any CPU
		{9499FAEB-6C5D-464A-9B40-970F2FCECF03}.AppStore|x86.ActiveCfg = Release|Any CPU
		{9499FAEB-6C5D-464A-9B40-970F2FCECF03}.AppStore|x86.Build.0 = Release|Any CPU
		{9499FAEB-6C5D-464A-9B40-970F2FCECF03}.Debug|Any CPU.ActiveCfg = Debug|Any CPU
		{9499FAEB-6C5D-464A-9B40-970F2FCECF03}.Debug|Any CPU.Build.0 = Debug|Any CPU
		{9499FAEB-6C5D-464A-9B40-970F2FCECF03}.Debug|ARM.ActiveCfg = Debug|Any CPU
		{9499FAEB-6C5D-464A-9B40-970F2FCECF03}.Debug|ARM.Build.0 = Debug|Any CPU
		{9499FAEB-6C5D-464A-9B40-970F2FCECF03}.Debug|iPhone.ActiveCfg = Debug|Any CPU
		{9499FAEB-6C5D-464A-9B40-970F2FCECF03}.Debug|iPhone.Build.0 = Debug|Any CPU
		{9499FAEB-6C5D-464A-9B40-970F2FCECF03}.Debug|iPhoneSimulator.ActiveCfg = Debug|Any CPU
		{9499FAEB-6C5D-464A-9B40-970F2FCECF03}.Debug|iPhoneSimulator.Build.0 = Debug|Any CPU
		{9499FAEB-6C5D-464A-9B40-970F2FCECF03}.Debug|x64.ActiveCfg = Debug|Any CPU
		{9499FAEB-6C5D-464A-9B40-970F2FCECF03}.Debug|x64.Build.0 = Debug|Any CPU
		{9499FAEB-6C5D-464A-9B40-970F2FCECF03}.Debug|x86.ActiveCfg = Debug|Any CPU
		{9499FAEB-6C5D-464A-9B40-970F2FCECF03}.Debug|x86.Build.0 = Debug|Any CPU
		{9499FAEB-6C5D-464A-9B40-970F2FCECF03}.Hardware|Any CPU.ActiveCfg = Hardware|Any CPU
		{9499FAEB-6C5D-464A-9B40-970F2FCECF03}.Hardware|Any CPU.Build.0 = Hardware|Any CPU
		{9499FAEB-6C5D-464A-9B40-970F2FCECF03}.Hardware|ARM.ActiveCfg = Hardware|Any CPU
		{9499FAEB-6C5D-464A-9B40-970F2FCECF03}.Hardware|ARM.Build.0 = Hardware|Any CPU
		{9499FAEB-6C5D-464A-9B40-970F2FCECF03}.Hardware|iPhone.ActiveCfg = Hardware|Any CPU
		{9499FAEB-6C5D-464A-9B40-970F2FCECF03}.Hardware|iPhone.Build.0 = Hardware|Any CPU
		{9499FAEB-6C5D-464A-9B40-970F2FCECF03}.Hardware|iPhoneSimulator.ActiveCfg = Hardware|Any CPU
		{9499FAEB-6C5D-464A-9B40-970F2FCECF03}.Hardware|iPhoneSimulator.Build.0 = Hardware|Any CPU
		{9499FAEB-6C5D-464A-9B40-970F2FCECF03}.Hardware|x64.ActiveCfg = Hardware|Any CPU
		{9499FAEB-6C5D-464A-9B40-970F2FCECF03}.Hardware|x64.Build.0 = Hardware|Any CPU
		{9499FAEB-6C5D-464A-9B40-970F2FCECF03}.Hardware|x86.ActiveCfg = Hardware|Any CPU
		{9499FAEB-6C5D-464A-9B40-970F2FCECF03}.Hardware|x86.Build.0 = Hardware|Any CPU
		{9499FAEB-6C5D-464A-9B40-970F2FCECF03}.Release|Any CPU.ActiveCfg = Release|Any CPU
		{9499FAEB-6C5D-464A-9B40-970F2FCECF03}.Release|Any CPU.Build.0 = Release|Any CPU
		{9499FAEB-6C5D-464A-9B40-970F2FCECF03}.Release|ARM.ActiveCfg = Release|Any CPU
		{9499FAEB-6C5D-464A-9B40-970F2FCECF03}.Release|ARM.Build.0 = Release|Any CPU
		{9499FAEB-6C5D-464A-9B40-970F2FCECF03}.Release|iPhone.ActiveCfg = Release|Any CPU
		{9499FAEB-6C5D-464A-9B40-970F2FCECF03}.Release|iPhone.Build.0 = Release|Any CPU
		{9499FAEB-6C5D-464A-9B40-970F2FCECF03}.Release|iPhoneSimulator.ActiveCfg = Release|Any CPU
		{9499FAEB-6C5D-464A-9B40-970F2FCECF03}.Release|iPhoneSimulator.Build.0 = Release|Any CPU
		{9499FAEB-6C5D-464A-9B40-970F2FCECF03}.Release|x64.ActiveCfg = Release|Any CPU
		{9499FAEB-6C5D-464A-9B40-970F2FCECF03}.Release|x64.Build.0 = Release|Any CPU
		{9499FAEB-6C5D-464A-9B40-970F2FCECF03}.Release|x86.ActiveCfg = Release|Any CPU
		{9499FAEB-6C5D-464A-9B40-970F2FCECF03}.Release|x86.Build.0 = Release|Any CPU
		{911705F7-390D-49E9-864A-4B56EE921464}.Ad-Hoc|Any CPU.ActiveCfg = Release|Any CPU
		{911705F7-390D-49E9-864A-4B56EE921464}.Ad-Hoc|Any CPU.Build.0 = Release|Any CPU
		{911705F7-390D-49E9-864A-4B56EE921464}.Ad-Hoc|ARM.ActiveCfg = Release|Any CPU
		{911705F7-390D-49E9-864A-4B56EE921464}.Ad-Hoc|ARM.Build.0 = Release|Any CPU
		{911705F7-390D-49E9-864A-4B56EE921464}.Ad-Hoc|iPhone.ActiveCfg = Release|Any CPU
		{911705F7-390D-49E9-864A-4B56EE921464}.Ad-Hoc|iPhone.Build.0 = Release|Any CPU
		{911705F7-390D-49E9-864A-4B56EE921464}.Ad-Hoc|iPhoneSimulator.ActiveCfg = Release|Any CPU
		{911705F7-390D-49E9-864A-4B56EE921464}.Ad-Hoc|iPhoneSimulator.Build.0 = Release|Any CPU
		{911705F7-390D-49E9-864A-4B56EE921464}.Ad-Hoc|x64.ActiveCfg = Release|Any CPU
		{911705F7-390D-49E9-864A-4B56EE921464}.Ad-Hoc|x64.Build.0 = Release|Any CPU
		{911705F7-390D-49E9-864A-4B56EE921464}.Ad-Hoc|x86.ActiveCfg = Release|Any CPU
		{911705F7-390D-49E9-864A-4B56EE921464}.Ad-Hoc|x86.Build.0 = Release|Any CPU
		{911705F7-390D-49E9-864A-4B56EE921464}.AppStore|Any CPU.ActiveCfg = Release|Any CPU
		{911705F7-390D-49E9-864A-4B56EE921464}.AppStore|Any CPU.Build.0 = Release|Any CPU
		{911705F7-390D-49E9-864A-4B56EE921464}.AppStore|ARM.ActiveCfg = Release|Any CPU
		{911705F7-390D-49E9-864A-4B56EE921464}.AppStore|ARM.Build.0 = Release|Any CPU
		{911705F7-390D-49E9-864A-4B56EE921464}.AppStore|iPhone.ActiveCfg = Release|Any CPU
		{911705F7-390D-49E9-864A-4B56EE921464}.AppStore|iPhone.Build.0 = Release|Any CPU
		{911705F7-390D-49E9-864A-4B56EE921464}.AppStore|iPhoneSimulator.ActiveCfg = Release|Any CPU
		{911705F7-390D-49E9-864A-4B56EE921464}.AppStore|iPhoneSimulator.Build.0 = Release|Any CPU
		{911705F7-390D-49E9-864A-4B56EE921464}.AppStore|x64.ActiveCfg = Release|Any CPU
		{911705F7-390D-49E9-864A-4B56EE921464}.AppStore|x64.Build.0 = Release|Any CPU
		{911705F7-390D-49E9-864A-4B56EE921464}.AppStore|x86.ActiveCfg = Release|Any CPU
		{911705F7-390D-49E9-864A-4B56EE921464}.AppStore|x86.Build.0 = Release|Any CPU
		{911705F7-390D-49E9-864A-4B56EE921464}.Debug|Any CPU.ActiveCfg = Debug|Any CPU
		{911705F7-390D-49E9-864A-4B56EE921464}.Debug|Any CPU.Build.0 = Debug|Any CPU
		{911705F7-390D-49E9-864A-4B56EE921464}.Debug|ARM.ActiveCfg = Debug|Any CPU
		{911705F7-390D-49E9-864A-4B56EE921464}.Debug|ARM.Build.0 = Debug|Any CPU
		{911705F7-390D-49E9-864A-4B56EE921464}.Debug|iPhone.ActiveCfg = Debug|Any CPU
		{911705F7-390D-49E9-864A-4B56EE921464}.Debug|iPhone.Build.0 = Debug|Any CPU
		{911705F7-390D-49E9-864A-4B56EE921464}.Debug|iPhoneSimulator.ActiveCfg = Debug|Any CPU
		{911705F7-390D-49E9-864A-4B56EE921464}.Debug|iPhoneSimulator.Build.0 = Debug|Any CPU
		{911705F7-390D-49E9-864A-4B56EE921464}.Debug|x64.ActiveCfg = Debug|Any CPU
		{911705F7-390D-49E9-864A-4B56EE921464}.Debug|x64.Build.0 = Debug|Any CPU
		{911705F7-390D-49E9-864A-4B56EE921464}.Debug|x86.ActiveCfg = Debug|Any CPU
		{911705F7-390D-49E9-864A-4B56EE921464}.Debug|x86.Build.0 = Debug|Any CPU
		{911705F7-390D-49E9-864A-4B56EE921464}.Hardware|Any CPU.ActiveCfg = Debug|Any CPU
		{911705F7-390D-49E9-864A-4B56EE921464}.Hardware|Any CPU.Build.0 = Debug|Any CPU
		{911705F7-390D-49E9-864A-4B56EE921464}.Hardware|ARM.ActiveCfg = Debug|Any CPU
		{911705F7-390D-49E9-864A-4B56EE921464}.Hardware|ARM.Build.0 = Debug|Any CPU
		{911705F7-390D-49E9-864A-4B56EE921464}.Hardware|iPhone.ActiveCfg = Debug|Any CPU
		{911705F7-390D-49E9-864A-4B56EE921464}.Hardware|iPhone.Build.0 = Debug|Any CPU
		{911705F7-390D-49E9-864A-4B56EE921464}.Hardware|iPhoneSimulator.ActiveCfg = Debug|Any CPU
		{911705F7-390D-49E9-864A-4B56EE921464}.Hardware|iPhoneSimulator.Build.0 = Debug|Any CPU
		{911705F7-390D-49E9-864A-4B56EE921464}.Hardware|x64.ActiveCfg = Debug|Any CPU
		{911705F7-390D-49E9-864A-4B56EE921464}.Hardware|x64.Build.0 = Debug|Any CPU
		{911705F7-390D-49E9-864A-4B56EE921464}.Hardware|x86.ActiveCfg = Debug|Any CPU
		{911705F7-390D-49E9-864A-4B56EE921464}.Hardware|x86.Build.0 = Debug|Any CPU
		{911705F7-390D-49E9-864A-4B56EE921464}.Release|Any CPU.ActiveCfg = Release|Any CPU
		{911705F7-390D-49E9-864A-4B56EE921464}.Release|Any CPU.Build.0 = Release|Any CPU
		{911705F7-390D-49E9-864A-4B56EE921464}.Release|ARM.ActiveCfg = Release|Any CPU
		{911705F7-390D-49E9-864A-4B56EE921464}.Release|ARM.Build.0 = Release|Any CPU
		{911705F7-390D-49E9-864A-4B56EE921464}.Release|iPhone.ActiveCfg = Release|Any CPU
		{911705F7-390D-49E9-864A-4B56EE921464}.Release|iPhone.Build.0 = Release|Any CPU
		{911705F7-390D-49E9-864A-4B56EE921464}.Release|iPhoneSimulator.ActiveCfg = Release|Any CPU
		{911705F7-390D-49E9-864A-4B56EE921464}.Release|iPhoneSimulator.Build.0 = Release|Any CPU
		{911705F7-390D-49E9-864A-4B56EE921464}.Release|x64.ActiveCfg = Release|Any CPU
		{911705F7-390D-49E9-864A-4B56EE921464}.Release|x64.Build.0 = Release|Any CPU
		{911705F7-390D-49E9-864A-4B56EE921464}.Release|x86.ActiveCfg = Release|Any CPU
		{911705F7-390D-49E9-864A-4B56EE921464}.Release|x86.Build.0 = Release|Any CPU
		{16302ED9-F186-4AC4-AD60-5F2487266745}.Ad-Hoc|Any CPU.ActiveCfg = Release|Any CPU
		{16302ED9-F186-4AC4-AD60-5F2487266745}.Ad-Hoc|Any CPU.Build.0 = Release|Any CPU
		{16302ED9-F186-4AC4-AD60-5F2487266745}.Ad-Hoc|ARM.ActiveCfg = Release|Any CPU
		{16302ED9-F186-4AC4-AD60-5F2487266745}.Ad-Hoc|ARM.Build.0 = Release|Any CPU
		{16302ED9-F186-4AC4-AD60-5F2487266745}.Ad-Hoc|iPhone.ActiveCfg = Release|Any CPU
		{16302ED9-F186-4AC4-AD60-5F2487266745}.Ad-Hoc|iPhone.Build.0 = Release|Any CPU
		{16302ED9-F186-4AC4-AD60-5F2487266745}.Ad-Hoc|iPhoneSimulator.ActiveCfg = Release|Any CPU
		{16302ED9-F186-4AC4-AD60-5F2487266745}.Ad-Hoc|iPhoneSimulator.Build.0 = Release|Any CPU
		{16302ED9-F186-4AC4-AD60-5F2487266745}.Ad-Hoc|x64.ActiveCfg = Release|Any CPU
		{16302ED9-F186-4AC4-AD60-5F2487266745}.Ad-Hoc|x64.Build.0 = Release|Any CPU
		{16302ED9-F186-4AC4-AD60-5F2487266745}.Ad-Hoc|x86.ActiveCfg = Release|Any CPU
		{16302ED9-F186-4AC4-AD60-5F2487266745}.Ad-Hoc|x86.Build.0 = Release|Any CPU
		{16302ED9-F186-4AC4-AD60-5F2487266745}.AppStore|Any CPU.ActiveCfg = Release|Any CPU
		{16302ED9-F186-4AC4-AD60-5F2487266745}.AppStore|Any CPU.Build.0 = Release|Any CPU
		{16302ED9-F186-4AC4-AD60-5F2487266745}.AppStore|ARM.ActiveCfg = Release|Any CPU
		{16302ED9-F186-4AC4-AD60-5F2487266745}.AppStore|ARM.Build.0 = Release|Any CPU
		{16302ED9-F186-4AC4-AD60-5F2487266745}.AppStore|iPhone.ActiveCfg = Release|Any CPU
		{16302ED9-F186-4AC4-AD60-5F2487266745}.AppStore|iPhone.Build.0 = Release|Any CPU
		{16302ED9-F186-4AC4-AD60-5F2487266745}.AppStore|iPhoneSimulator.ActiveCfg = Release|Any CPU
		{16302ED9-F186-4AC4-AD60-5F2487266745}.AppStore|iPhoneSimulator.Build.0 = Release|Any CPU
		{16302ED9-F186-4AC4-AD60-5F2487266745}.AppStore|x64.ActiveCfg = Release|Any CPU
		{16302ED9-F186-4AC4-AD60-5F2487266745}.AppStore|x64.Build.0 = Release|Any CPU
		{16302ED9-F186-4AC4-AD60-5F2487266745}.AppStore|x86.ActiveCfg = Release|Any CPU
		{16302ED9-F186-4AC4-AD60-5F2487266745}.AppStore|x86.Build.0 = Release|Any CPU
		{16302ED9-F186-4AC4-AD60-5F2487266745}.Debug|Any CPU.ActiveCfg = Debug|Any CPU
		{16302ED9-F186-4AC4-AD60-5F2487266745}.Debug|Any CPU.Build.0 = Debug|Any CPU
		{16302ED9-F186-4AC4-AD60-5F2487266745}.Debug|ARM.ActiveCfg = Debug|Any CPU
		{16302ED9-F186-4AC4-AD60-5F2487266745}.Debug|ARM.Build.0 = Debug|Any CPU
		{16302ED9-F186-4AC4-AD60-5F2487266745}.Debug|iPhone.ActiveCfg = Debug|Any CPU
		{16302ED9-F186-4AC4-AD60-5F2487266745}.Debug|iPhone.Build.0 = Debug|Any CPU
		{16302ED9-F186-4AC4-AD60-5F2487266745}.Debug|iPhoneSimulator.ActiveCfg = Debug|Any CPU
		{16302ED9-F186-4AC4-AD60-5F2487266745}.Debug|iPhoneSimulator.Build.0 = Debug|Any CPU
		{16302ED9-F186-4AC4-AD60-5F2487266745}.Debug|x64.ActiveCfg = Debug|Any CPU
		{16302ED9-F186-4AC4-AD60-5F2487266745}.Debug|x64.Build.0 = Debug|Any CPU
		{16302ED9-F186-4AC4-AD60-5F2487266745}.Debug|x86.ActiveCfg = Debug|Any CPU
		{16302ED9-F186-4AC4-AD60-5F2487266745}.Debug|x86.Build.0 = Debug|Any CPU
		{16302ED9-F186-4AC4-AD60-5F2487266745}.Hardware|Any CPU.ActiveCfg = Release|Any CPU
		{16302ED9-F186-4AC4-AD60-5F2487266745}.Hardware|Any CPU.Build.0 = Release|Any CPU
		{16302ED9-F186-4AC4-AD60-5F2487266745}.Hardware|ARM.ActiveCfg = Release|Any CPU
		{16302ED9-F186-4AC4-AD60-5F2487266745}.Hardware|ARM.Build.0 = Release|Any CPU
		{16302ED9-F186-4AC4-AD60-5F2487266745}.Hardware|iPhone.ActiveCfg = Release|Any CPU
		{16302ED9-F186-4AC4-AD60-5F2487266745}.Hardware|iPhone.Build.0 = Release|Any CPU
		{16302ED9-F186-4AC4-AD60-5F2487266745}.Hardware|iPhoneSimulator.ActiveCfg = Release|Any CPU
		{16302ED9-F186-4AC4-AD60-5F2487266745}.Hardware|iPhoneSimulator.Build.0 = Release|Any CPU
		{16302ED9-F186-4AC4-AD60-5F2487266745}.Hardware|x64.ActiveCfg = Release|Any CPU
		{16302ED9-F186-4AC4-AD60-5F2487266745}.Hardware|x64.Build.0 = Release|Any CPU
		{16302ED9-F186-4AC4-AD60-5F2487266745}.Hardware|x86.ActiveCfg = Release|Any CPU
		{16302ED9-F186-4AC4-AD60-5F2487266745}.Hardware|x86.Build.0 = Release|Any CPU
		{16302ED9-F186-4AC4-AD60-5F2487266745}.Release|Any CPU.ActiveCfg = Release|Any CPU
		{16302ED9-F186-4AC4-AD60-5F2487266745}.Release|Any CPU.Build.0 = Release|Any CPU
		{16302ED9-F186-4AC4-AD60-5F2487266745}.Release|ARM.ActiveCfg = Release|Any CPU
		{16302ED9-F186-4AC4-AD60-5F2487266745}.Release|ARM.Build.0 = Release|Any CPU
		{16302ED9-F186-4AC4-AD60-5F2487266745}.Release|iPhone.ActiveCfg = Release|Any CPU
		{16302ED9-F186-4AC4-AD60-5F2487266745}.Release|iPhone.Build.0 = Release|Any CPU
		{16302ED9-F186-4AC4-AD60-5F2487266745}.Release|iPhoneSimulator.ActiveCfg = Release|Any CPU
		{16302ED9-F186-4AC4-AD60-5F2487266745}.Release|iPhoneSimulator.Build.0 = Release|Any CPU
		{16302ED9-F186-4AC4-AD60-5F2487266745}.Release|x64.ActiveCfg = Release|Any CPU
		{16302ED9-F186-4AC4-AD60-5F2487266745}.Release|x64.Build.0 = Release|Any CPU
		{16302ED9-F186-4AC4-AD60-5F2487266745}.Release|x86.ActiveCfg = Release|Any CPU
		{16302ED9-F186-4AC4-AD60-5F2487266745}.Release|x86.Build.0 = Release|Any CPU
		{EC737BB4-8791-477E-B42A-C29CDC6619CF}.Ad-Hoc|Any CPU.ActiveCfg = Release|Any CPU
		{EC737BB4-8791-477E-B42A-C29CDC6619CF}.Ad-Hoc|Any CPU.Build.0 = Release|Any CPU
		{EC737BB4-8791-477E-B42A-C29CDC6619CF}.Ad-Hoc|ARM.ActiveCfg = Release|Any CPU
		{EC737BB4-8791-477E-B42A-C29CDC6619CF}.Ad-Hoc|ARM.Build.0 = Release|Any CPU
		{EC737BB4-8791-477E-B42A-C29CDC6619CF}.Ad-Hoc|iPhone.ActiveCfg = Release|Any CPU
		{EC737BB4-8791-477E-B42A-C29CDC6619CF}.Ad-Hoc|iPhone.Build.0 = Release|Any CPU
		{EC737BB4-8791-477E-B42A-C29CDC6619CF}.Ad-Hoc|iPhoneSimulator.ActiveCfg = Release|Any CPU
		{EC737BB4-8791-477E-B42A-C29CDC6619CF}.Ad-Hoc|iPhoneSimulator.Build.0 = Release|Any CPU
		{EC737BB4-8791-477E-B42A-C29CDC6619CF}.Ad-Hoc|x64.ActiveCfg = Release|Any CPU
		{EC737BB4-8791-477E-B42A-C29CDC6619CF}.Ad-Hoc|x64.Build.0 = Release|Any CPU
		{EC737BB4-8791-477E-B42A-C29CDC6619CF}.Ad-Hoc|x86.ActiveCfg = Release|Any CPU
		{EC737BB4-8791-477E-B42A-C29CDC6619CF}.Ad-Hoc|x86.Build.0 = Release|Any CPU
		{EC737BB4-8791-477E-B42A-C29CDC6619CF}.AppStore|Any CPU.ActiveCfg = Release|Any CPU
		{EC737BB4-8791-477E-B42A-C29CDC6619CF}.AppStore|Any CPU.Build.0 = Release|Any CPU
		{EC737BB4-8791-477E-B42A-C29CDC6619CF}.AppStore|ARM.ActiveCfg = Release|Any CPU
		{EC737BB4-8791-477E-B42A-C29CDC6619CF}.AppStore|ARM.Build.0 = Release|Any CPU
		{EC737BB4-8791-477E-B42A-C29CDC6619CF}.AppStore|iPhone.ActiveCfg = Release|Any CPU
		{EC737BB4-8791-477E-B42A-C29CDC6619CF}.AppStore|iPhone.Build.0 = Release|Any CPU
		{EC737BB4-8791-477E-B42A-C29CDC6619CF}.AppStore|iPhoneSimulator.ActiveCfg = Release|Any CPU
		{EC737BB4-8791-477E-B42A-C29CDC6619CF}.AppStore|iPhoneSimulator.Build.0 = Release|Any CPU
		{EC737BB4-8791-477E-B42A-C29CDC6619CF}.AppStore|x64.ActiveCfg = Release|Any CPU
		{EC737BB4-8791-477E-B42A-C29CDC6619CF}.AppStore|x64.Build.0 = Release|Any CPU
		{EC737BB4-8791-477E-B42A-C29CDC6619CF}.AppStore|x86.ActiveCfg = Release|Any CPU
		{EC737BB4-8791-477E-B42A-C29CDC6619CF}.AppStore|x86.Build.0 = Release|Any CPU
		{EC737BB4-8791-477E-B42A-C29CDC6619CF}.Debug|Any CPU.ActiveCfg = Debug|Any CPU
		{EC737BB4-8791-477E-B42A-C29CDC6619CF}.Debug|Any CPU.Build.0 = Debug|Any CPU
		{EC737BB4-8791-477E-B42A-C29CDC6619CF}.Debug|ARM.ActiveCfg = Debug|Any CPU
		{EC737BB4-8791-477E-B42A-C29CDC6619CF}.Debug|ARM.Build.0 = Debug|Any CPU
		{EC737BB4-8791-477E-B42A-C29CDC6619CF}.Debug|iPhone.ActiveCfg = Debug|Any CPU
		{EC737BB4-8791-477E-B42A-C29CDC6619CF}.Debug|iPhone.Build.0 = Debug|Any CPU
		{EC737BB4-8791-477E-B42A-C29CDC6619CF}.Debug|iPhoneSimulator.ActiveCfg = Debug|Any CPU
		{EC737BB4-8791-477E-B42A-C29CDC6619CF}.Debug|iPhoneSimulator.Build.0 = Debug|Any CPU
		{EC737BB4-8791-477E-B42A-C29CDC6619CF}.Debug|x64.ActiveCfg = Debug|Any CPU
		{EC737BB4-8791-477E-B42A-C29CDC6619CF}.Debug|x64.Build.0 = Debug|Any CPU
		{EC737BB4-8791-477E-B42A-C29CDC6619CF}.Debug|x86.ActiveCfg = Debug|Any CPU
		{EC737BB4-8791-477E-B42A-C29CDC6619CF}.Debug|x86.Build.0 = Debug|Any CPU
		{EC737BB4-8791-477E-B42A-C29CDC6619CF}.Hardware|Any CPU.ActiveCfg = Release|Any CPU
		{EC737BB4-8791-477E-B42A-C29CDC6619CF}.Hardware|Any CPU.Build.0 = Release|Any CPU
		{EC737BB4-8791-477E-B42A-C29CDC6619CF}.Hardware|ARM.ActiveCfg = Release|Any CPU
		{EC737BB4-8791-477E-B42A-C29CDC6619CF}.Hardware|ARM.Build.0 = Release|Any CPU
		{EC737BB4-8791-477E-B42A-C29CDC6619CF}.Hardware|iPhone.ActiveCfg = Release|Any CPU
		{EC737BB4-8791-477E-B42A-C29CDC6619CF}.Hardware|iPhone.Build.0 = Release|Any CPU
		{EC737BB4-8791-477E-B42A-C29CDC6619CF}.Hardware|iPhoneSimulator.ActiveCfg = Release|Any CPU
		{EC737BB4-8791-477E-B42A-C29CDC6619CF}.Hardware|iPhoneSimulator.Build.0 = Release|Any CPU
		{EC737BB4-8791-477E-B42A-C29CDC6619CF}.Hardware|x64.ActiveCfg = Release|Any CPU
		{EC737BB4-8791-477E-B42A-C29CDC6619CF}.Hardware|x64.Build.0 = Release|Any CPU
		{EC737BB4-8791-477E-B42A-C29CDC6619CF}.Hardware|x86.ActiveCfg = Release|Any CPU
		{EC737BB4-8791-477E-B42A-C29CDC6619CF}.Hardware|x86.Build.0 = Release|Any CPU
		{EC737BB4-8791-477E-B42A-C29CDC6619CF}.Release|Any CPU.ActiveCfg = Release|Any CPU
		{EC737BB4-8791-477E-B42A-C29CDC6619CF}.Release|Any CPU.Build.0 = Release|Any CPU
		{EC737BB4-8791-477E-B42A-C29CDC6619CF}.Release|ARM.ActiveCfg = Release|Any CPU
		{EC737BB4-8791-477E-B42A-C29CDC6619CF}.Release|ARM.Build.0 = Release|Any CPU
		{EC737BB4-8791-477E-B42A-C29CDC6619CF}.Release|iPhone.ActiveCfg = Release|Any CPU
		{EC737BB4-8791-477E-B42A-C29CDC6619CF}.Release|iPhone.Build.0 = Release|Any CPU
		{EC737BB4-8791-477E-B42A-C29CDC6619CF}.Release|iPhoneSimulator.ActiveCfg = Release|Any CPU
		{EC737BB4-8791-477E-B42A-C29CDC6619CF}.Release|iPhoneSimulator.Build.0 = Release|Any CPU
		{EC737BB4-8791-477E-B42A-C29CDC6619CF}.Release|x64.ActiveCfg = Release|Any CPU
		{EC737BB4-8791-477E-B42A-C29CDC6619CF}.Release|x64.Build.0 = Release|Any CPU
		{EC737BB4-8791-477E-B42A-C29CDC6619CF}.Release|x86.ActiveCfg = Release|Any CPU
		{EC737BB4-8791-477E-B42A-C29CDC6619CF}.Release|x86.Build.0 = Release|Any CPU
	EndGlobalSection
	GlobalSection(SolutionProperties) = preSolution
		HideSolutionNode = FALSE
	EndGlobalSection
	GlobalSection(NestedProjects) = preSolution
		{EC737BB4-8791-477E-B42A-C29CDC6619CF} = {D62C2EBD-5049-4051-850B-94D7B64FF61B}
	EndGlobalSection
EndGlobal
